// !$*UTF8*$!
{
	archiveVersion = 1;
	classes = {
	};
	objectVersion = 56;
	objects = {

/* Begin PBXBuildFile section */
		881EF9372C9C2C54007E5F8B /* PaymentButtonView.swift in Sources */ = {isa = PBXBuildFile; fileRef = 881EF9362C9C2C50007E5F8B /* PaymentButtonView.swift */; };
		881EF9392C9C3586007E5F8B /* ProductDetailView.swift in Sources */ = {isa = PBXBuildFile; fileRef = 881EF9382C9C3586007E5F8B /* ProductDetailView.swift */; };
		881EF93B2C9C436A007E5F8B /* AddToCartButtonView.swift in Sources */ = {isa = PBXBuildFile; fileRef = 881EF93A2C9C436A007E5F8B /* AddToCartButtonView.swift */; };
		8823F5632C99B86E00F7D8E5 /* HomePageView.swift in Sources */ = {isa = PBXBuildFile; fileRef = 8823F5622C99B86B00F7D8E5 /* HomePageView.swift */; };
		8823F5662C99E0BD00F7D8E5 /* APICaller.swift in Sources */ = {isa = PBXBuildFile; fileRef = 8823F5652C99E0BD00F7D8E5 /* APICaller.swift */; };
		882A08052C98AC9500597A72 /* ecommerceApp.swift in Sources */ = {isa = PBXBuildFile; fileRef = 882A08042C98AC9500597A72 /* ecommerceApp.swift */; };
		882A08072C98AC9500597A72 /* ContentView.swift in Sources */ = {isa = PBXBuildFile; fileRef = 882A08062C98AC9500597A72 /* ContentView.swift */; };
		882A08092C98AD9700597A72 /* Assets.xcassets in Resources */ = {isa = PBXBuildFile; fileRef = 882A08082C98AD9700597A72 /* Assets.xcassets */; };
		882A080C2C98AD9800597A72 /* Preview Assets.xcassets in Resources */ = {isa = PBXBuildFile; fileRef = 882A080B2C98AD9800597A72 /* Preview Assets.xcassets */; };
		882A080E2C98AD9800597A72 /* Persistence.swift in Sources */ = {isa = PBXBuildFile; fileRef = 882A080D2C98AD9800597A72 /* Persistence.swift */; };
		882A08112C98AD9900597A72 /* ecommerce.xcdatamodeld in Sources */ = {isa = PBXBuildFile; fileRef = 882A080F2C98AD9900597A72 /* ecommerce.xcdatamodeld */; };
		882A08192C98E00000597A72 /* Product.swift in Sources */ = {isa = PBXBuildFile; fileRef = 882A08182C98DFFD00597A72 /* Product.swift */; };
		882A081C2C98E43B00597A72 /* ProductCardView.swift in Sources */ = {isa = PBXBuildFile; fileRef = 882A081B2C98E43B00597A72 /* ProductCardView.swift */; };
		882A081E2C98E79000597A72 /* SearchView.swift in Sources */ = {isa = PBXBuildFile; fileRef = 882A081D2C98E79000597A72 /* SearchView.swift */; };
		882A08202C98EE8200597A72 /* CartManager.swift in Sources */ = {isa = PBXBuildFile; fileRef = 882A081F2C98EE8200597A72 /* CartManager.swift */; };
		882A08222C98FA3D00597A72 /* CartButtonView.swift in Sources */ = {isa = PBXBuildFile; fileRef = 882A08212C98FA3A00597A72 /* CartButtonView.swift */; };
		88C46EAE2C9ABCDD00C01DE2 /* CartProductView.swift in Sources */ = {isa = PBXBuildFile; fileRef = 88C46EAD2C9ABCD800C01DE2 /* CartProductView.swift */; };
		88C46EB02C9B013000C01DE2 /* CartView.swift in Sources */ = {isa = PBXBuildFile; fileRef = 88C46EAF2C9B012F00C01DE2 /* CartView.swift */; };
/* End PBXBuildFile section */

/* Begin PBXFileReference section */
		881EF9362C9C2C50007E5F8B /* PaymentButtonView.swift */ = {isa = PBXFileReference; lastKnownFileType = sourcecode.swift; path = PaymentButtonView.swift; sourceTree = "<group>"; };
		881EF9382C9C3586007E5F8B /* ProductDetailView.swift */ = {isa = PBXFileReference; lastKnownFileType = sourcecode.swift; path = ProductDetailView.swift; sourceTree = "<group>"; };
		881EF93A2C9C436A007E5F8B /* AddToCartButtonView.swift */ = {isa = PBXFileReference; lastKnownFileType = sourcecode.swift; path = AddToCartButtonView.swift; sourceTree = "<group>"; };
		8823F5622C99B86B00F7D8E5 /* HomePageView.swift */ = {isa = PBXFileReference; lastKnownFileType = sourcecode.swift; path = HomePageView.swift; sourceTree = "<group>"; };
		8823F5652C99E0BD00F7D8E5 /* APICaller.swift */ = {isa = PBXFileReference; lastKnownFileType = sourcecode.swift; path = APICaller.swift; sourceTree = "<group>"; };
		882A08012C98AC9400597A72 /* ecommerce.app */ = {isa = PBXFileReference; explicitFileType = wrapper.application; includeInIndex = 0; path = ecommerce.app; sourceTree = BUILT_PRODUCTS_DIR; };
		882A08042C98AC9500597A72 /* ecommerceApp.swift */ = {isa = PBXFileReference; lastKnownFileType = sourcecode.swift; path = ecommerceApp.swift; sourceTree = "<group>"; };
		882A08062C98AC9500597A72 /* ContentView.swift */ = {isa = PBXFileReference; lastKnownFileType = sourcecode.swift; path = ContentView.swift; sourceTree = "<group>"; };
		882A08082C98AD9700597A72 /* Assets.xcassets */ = {isa = PBXFileReference; lastKnownFileType = folder.assetcatalog; path = Assets.xcassets; sourceTree = "<group>"; };
		882A080B2C98AD9800597A72 /* Preview Assets.xcassets */ = {isa = PBXFileReference; lastKnownFileType = folder.assetcatalog; path = "Preview Assets.xcassets"; sourceTree = "<group>"; };
		882A080D2C98AD9800597A72 /* Persistence.swift */ = {isa = PBXFileReference; lastKnownFileType = sourcecode.swift; path = Persistence.swift; sourceTree = "<group>"; };
		882A08102C98AD9900597A72 /* ecommerce.xcdatamodel */ = {isa = PBXFileReference; lastKnownFileType = wrapper.xcdatamodel; path = ecommerce.xcdatamodel; sourceTree = "<group>"; };
		882A08182C98DFFD00597A72 /* Product.swift */ = {isa = PBXFileReference; lastKnownFileType = sourcecode.swift; path = Product.swift; sourceTree = "<group>"; };
		882A081B2C98E43B00597A72 /* ProductCardView.swift */ = {isa = PBXFileReference; lastKnownFileType = sourcecode.swift; path = ProductCardView.swift; sourceTree = "<group>"; };
		882A081D2C98E79000597A72 /* SearchView.swift */ = {isa = PBXFileReference; lastKnownFileType = sourcecode.swift; path = SearchView.swift; sourceTree = "<group>"; };
		882A081F2C98EE8200597A72 /* CartManager.swift */ = {isa = PBXFileReference; lastKnownFileType = sourcecode.swift; path = CartManager.swift; sourceTree = "<group>"; };
		882A08212C98FA3A00597A72 /* CartButtonView.swift */ = {isa = PBXFileReference; lastKnownFileType = sourcecode.swift; path = CartButtonView.swift; sourceTree = "<group>"; };
		88C46EAD2C9ABCD800C01DE2 /* CartProductView.swift */ = {isa = PBXFileReference; lastKnownFileType = sourcecode.swift; path = CartProductView.swift; sourceTree = "<group>"; };
		88C46EAF2C9B012F00C01DE2 /* CartView.swift */ = {isa = PBXFileReference; lastKnownFileType = sourcecode.swift; path = CartView.swift; sourceTree = "<group>"; };
		88D4A8E22CA3843600D87A27 /* Info.plist */ = {isa = PBXFileReference; lastKnownFileType = text.plist; path = Info.plist; sourceTree = "<group>"; };
/* End PBXFileReference section */

/* Begin PBXFrameworksBuildPhase section */
		882A07FE2C98AC9400597A72 /* Frameworks */ = {
			isa = PBXFrameworksBuildPhase;
			buildActionMask = 2147483647;
			files = (
			);
			runOnlyForDeploymentPostprocessing = 0;
		};
/* End PBXFrameworksBuildPhase section */

/* Begin PBXGroup section */
		8823F5612C99B63200F7D8E5 /* View */ = {
			isa = PBXGroup;
			children = (
				8823F5622C99B86B00F7D8E5 /* HomePageView.swift */,
				88C46EAF2C9B012F00C01DE2 /* CartView.swift */,
				881EF9382C9C3586007E5F8B /* ProductDetailView.swift */,
			);
			path = View;
			sourceTree = "<group>";
		};
		8823F5642C99E06000F7D8E5 /* Managers */ = {
			isa = PBXGroup;
			children = (
				8823F5652C99E0BD00F7D8E5 /* APICaller.swift */,
			);
			path = Managers;
			sourceTree = "<group>";
		};
		882A07F82C98AC9300597A72 = {
			isa = PBXGroup;
			children = (
				882A08032C98AC9400597A72 /* ecommerce */,
				882A08022C98AC9400597A72 /* Products */,
			);
			sourceTree = "<group>";
		};
		882A08022C98AC9400597A72 /* Products */ = {
			isa = PBXGroup;
			children = (
				882A08012C98AC9400597A72 /* ecommerce.app */,
			);
			name = Products;
			sourceTree = "<group>";
		};
		882A08032C98AC9400597A72 /* ecommerce */ = {
			isa = PBXGroup;
			children = (
				88D4A8E22CA3843600D87A27 /* Info.plist */,
				8823F5642C99E06000F7D8E5 /* Managers */,
				882A081A2C98E32000597A72 /* Components */,
				882A08172C98DE9500597A72 /* Models */,
				882A08042C98AC9500597A72 /* ecommerceApp.swift */,
				882A08062C98AC9500597A72 /* ContentView.swift */,
				8823F5612C99B63200F7D8E5 /* View */,
				882A08082C98AD9700597A72 /* Assets.xcassets */,
				882A080D2C98AD9800597A72 /* Persistence.swift */,
				882A080F2C98AD9900597A72 /* ecommerce.xcdatamodeld */,
				882A080A2C98AD9800597A72 /* Preview Content */,
				882A081F2C98EE8200597A72 /* CartManager.swift */,
			);
			path = ecommerce;
			sourceTree = "<group>";
		};
		882A080A2C98AD9800597A72 /* Preview Content */ = {
			isa = PBXGroup;
			children = (
				882A080B2C98AD9800597A72 /* Preview Assets.xcassets */,
			);
			path = "Preview Content";
			sourceTree = "<group>";
		};
		882A08172C98DE9500597A72 /* Models */ = {
			isa = PBXGroup;
			children = (
				882A08182C98DFFD00597A72 /* Product.swift */,
			);
			path = Models;
			sourceTree = "<group>";
		};
		882A081A2C98E32000597A72 /* Components */ = {
			isa = PBXGroup;
			children = (
				882A081B2C98E43B00597A72 /* ProductCardView.swift */,
				882A081D2C98E79000597A72 /* SearchView.swift */,
				882A08212C98FA3A00597A72 /* CartButtonView.swift */,
				88C46EAD2C9ABCD800C01DE2 /* CartProductView.swift */,
				881EF9362C9C2C50007E5F8B /* PaymentButtonView.swift */,
				881EF93A2C9C436A007E5F8B /* AddToCartButtonView.swift */,
			);
			path = Components;
			sourceTree = "<group>";
		};
/* End PBXGroup section */

/* Begin PBXNativeTarget section */
		882A08002C98AC9400597A72 /* ecommerce */ = {
			isa = PBXNativeTarget;
			buildConfigurationList = 882A08142C98AD9900597A72 /* Build configuration list for PBXNativeTarget "ecommerce" */;
			buildPhases = (
				882A07FD2C98AC9400597A72 /* Sources */,
				882A07FE2C98AC9400597A72 /* Frameworks */,
				882A07FF2C98AC9400597A72 /* Resources */,
			);
			buildRules = (
			);
			dependencies = (
			);
			name = ecommerce;
			productName = ecommerce;
			productReference = 882A08012C98AC9400597A72 /* ecommerce.app */;
			productType = "com.apple.product-type.application";
		};
/* End PBXNativeTarget section */

/* Begin PBXProject section */
		882A07F92C98AC9300597A72 /* Project object */ = {
			isa = PBXProject;
			attributes = {
				BuildIndependentTargetsInParallel = 1;
				LastSwiftUpdateCheck = 1420;
				LastUpgradeCheck = 1420;
				TargetAttributes = {
					882A08002C98AC9400597A72 = {
						CreatedOnToolsVersion = 14.2;
					};
				};
			};
			buildConfigurationList = 882A07FC2C98AC9300597A72 /* Build configuration list for PBXProject "ecommerce" */;
			compatibilityVersion = "Xcode 14.0";
			developmentRegion = en;
			hasScannedForEncodings = 0;
			knownRegions = (
				en,
				Base,
			);
			mainGroup = 882A07F82C98AC9300597A72;
			productRefGroup = 882A08022C98AC9400597A72 /* Products */;
			projectDirPath = "";
			projectRoot = "";
			targets = (
				882A08002C98AC9400597A72 /* ecommerce */,
			);
		};
/* End PBXProject section */

/* Begin PBXResourcesBuildPhase section */
		882A07FF2C98AC9400597A72 /* Resources */ = {
			isa = PBXResourcesBuildPhase;
			buildActionMask = 2147483647;
			files = (
				882A080C2C98AD9800597A72 /* Preview Assets.xcassets in Resources */,
				882A08092C98AD9700597A72 /* Assets.xcassets in Resources */,
			);
			runOnlyForDeploymentPostprocessing = 0;
		};
/* End PBXResourcesBuildPhase section */

/* Begin PBXSourcesBuildPhase section */
		882A07FD2C98AC9400597A72 /* Sources */ = {
			isa = PBXSourcesBuildPhase;
			buildActionMask = 2147483647;
			files = (
				882A080E2C98AD9800597A72 /* Persistence.swift in Sources */,
				881EF93B2C9C436A007E5F8B /* AddToCartButtonView.swift in Sources */,
				882A08202C98EE8200597A72 /* CartManager.swift in Sources */,
				88C46EB02C9B013000C01DE2 /* CartView.swift in Sources */,
				882A08072C98AC9500597A72 /* ContentView.swift in Sources */,
				882A08192C98E00000597A72 /* Product.swift in Sources */,
				8823F5632C99B86E00F7D8E5 /* HomePageView.swift in Sources */,
				882A081E2C98E79000597A72 /* SearchView.swift in Sources */,
				88C46EAE2C9ABCDD00C01DE2 /* CartProductView.swift in Sources */,
				882A081C2C98E43B00597A72 /* ProductCardView.swift in Sources */,
				882A08222C98FA3D00597A72 /* CartButtonView.swift in Sources */,
				8823F5662C99E0BD00F7D8E5 /* APICaller.swift in Sources */,
				881EF9392C9C3586007E5F8B /* ProductDetailView.swift in Sources */,
				881EF9372C9C2C54007E5F8B /* PaymentButtonView.swift in Sources */,
				882A08112C98AD9900597A72 /* ecommerce.xcdatamodeld in Sources */,
				882A08052C98AC9500597A72 /* ecommerceApp.swift in Sources */,
			);
			runOnlyForDeploymentPostprocessing = 0;
		};
/* End PBXSourcesBuildPhase section */

/* Begin XCBuildConfiguration section */
		882A08122C98AD9900597A72 /* Debug */ = {
			isa = XCBuildConfiguration;
			buildSettings = {
				ALWAYS_SEARCH_USER_PATHS = NO;
				CLANG_ANALYZER_NONNULL = YES;
				CLANG_ANALYZER_NUMBER_OBJECT_CONVERSION = YES_AGGRESSIVE;
				CLANG_CXX_LANGUAGE_STANDARD = "gnu++20";
				CLANG_ENABLE_MODULES = YES;
				CLANG_ENABLE_OBJC_ARC = YES;
				CLANG_ENABLE_OBJC_WEAK = YES;
				CLANG_WARN_BLOCK_CAPTURE_AUTORELEASING = YES;
				CLANG_WARN_BOOL_CONVERSION = YES;
				CLANG_WARN_COMMA = YES;
				CLANG_WARN_CONSTANT_CONVERSION = YES;
				CLANG_WARN_DEPRECATED_OBJC_IMPLEMENTATIONS = YES;
				CLANG_WARN_DIRECT_OBJC_ISA_USAGE = YES_ERROR;
				CLANG_WARN_DOCUMENTATION_COMMENTS = YES;
				CLANG_WARN_EMPTY_BODY = YES;
				CLANG_WARN_ENUM_CONVERSION = YES;
				CLANG_WARN_INFINITE_RECURSION = YES;
				CLANG_WARN_INT_CONVERSION = YES;
				CLANG_WARN_NON_LITERAL_NULL_CONVERSION = YES;
				CLANG_WARN_OBJC_IMPLICIT_RETAIN_SELF = YES;
				CLANG_WARN_OBJC_LITERAL_CONVERSION = YES;
				CLANG_WARN_OBJC_ROOT_CLASS = YES_ERROR;
				CLANG_WARN_QUOTED_INCLUDE_IN_FRAMEWORK_HEADER = YES;
				CLANG_WARN_RANGE_LOOP_ANALYSIS = YES;
				CLANG_WARN_STRICT_PROTOTYPES = YES;
				CLANG_WARN_SUSPICIOUS_MOVE = YES;
				CLANG_WARN_UNGUARDED_AVAILABILITY = YES_AGGRESSIVE;
				CLANG_WARN_UNREACHABLE_CODE = YES;
				CLANG_WARN__DUPLICATE_METHOD_MATCH = YES;
				COPY_PHASE_STRIP = NO;
				DEBUG_INFORMATION_FORMAT = dwarf;
				ENABLE_STRICT_OBJC_MSGSEND = YES;
				ENABLE_TESTABILITY = YES;
				GCC_C_LANGUAGE_STANDARD = gnu11;
				GCC_DYNAMIC_NO_PIC = NO;
				GCC_NO_COMMON_BLOCKS = YES;
				GCC_OPTIMIZATION_LEVEL = 0;
				GCC_PREPROCESSOR_DEFINITIONS = (
					"DEBUG=1",
					"$(inherited)",
				);
				GCC_WARN_64_TO_32_BIT_CONVERSION = YES;
				GCC_WARN_ABOUT_RETURN_TYPE = YES_ERROR;
				GCC_WARN_UNDECLARED_SELECTOR = YES;
				GCC_WARN_UNINITIALIZED_AUTOS = YES_AGGRESSIVE;
				GCC_WARN_UNUSED_FUNCTION = YES;
				GCC_WARN_UNUSED_VARIABLE = YES;
				IPHONEOS_DEPLOYMENT_TARGET = 16.2;
				MTL_ENABLE_DEBUG_INFO = INCLUDE_SOURCE;
				MTL_FAST_MATH = YES;
				ONLY_ACTIVE_ARCH = YES;
				SDKROOT = iphoneos;
				SWIFT_ACTIVE_COMPILATION_CONDITIONS = DEBUG;
				SWIFT_OPTIMIZATION_LEVEL = "-Onone";
			};
			name = Debug;
		};
		882A08132C98AD9900597A72 /* Release */ = {
			isa = XCBuildConfiguration;
			buildSettings = {
				ALWAYS_SEARCH_USER_PATHS = NO;
				CLANG_ANALYZER_NONNULL = YES;
				CLANG_ANALYZER_NUMBER_OBJECT_CONVERSION = YES_AGGRESSIVE;
				CLANG_CXX_LANGUAGE_STANDARD = "gnu++20";
				CLANG_ENABLE_MODULES = YES;
				CLANG_ENABLE_OBJC_ARC = YES;
				CLANG_ENABLE_OBJC_WEAK = YES;
				CLANG_WARN_BLOCK_CAPTURE_AUTORELEASING = YES;
				CLANG_WARN_BOOL_CONVERSION = YES;
				CLANG_WARN_COMMA = YES;
				CLANG_WARN_CONSTANT_CONVERSION = YES;
				CLANG_WARN_DEPRECATED_OBJC_IMPLEMENTATIONS = YES;
				CLANG_WARN_DIRECT_OBJC_ISA_USAGE = YES_ERROR;
				CLANG_WARN_DOCUMENTATION_COMMENTS = YES;
				CLANG_WARN_EMPTY_BODY = YES;
				CLANG_WARN_ENUM_CONVERSION = YES;
				CLANG_WARN_INFINITE_RECURSION = YES;
				CLANG_WARN_INT_CONVERSION = YES;
				CLANG_WARN_NON_LITERAL_NULL_CONVERSION = YES;
				CLANG_WARN_OBJC_IMPLICIT_RETAIN_SELF = YES;
				CLANG_WARN_OBJC_LITERAL_CONVERSION = YES;
				CLANG_WARN_OBJC_ROOT_CLASS = YES_ERROR;
				CLANG_WARN_QUOTED_INCLUDE_IN_FRAMEWORK_HEADER = YES;
				CLANG_WARN_RANGE_LOOP_ANALYSIS = YES;
				CLANG_WARN_STRICT_PROTOTYPES = YES;
				CLANG_WARN_SUSPICIOUS_MOVE = YES;
				CLANG_WARN_UNGUARDED_AVAILABILITY = YES_AGGRESSIVE;
				CLANG_WARN_UNREACHABLE_CODE = YES;
				CLANG_WARN__DUPLICATE_METHOD_MATCH = YES;
				COPY_PHASE_STRIP = NO;
				DEBUG_INFORMATION_FORMAT = "dwarf-with-dsym";
				ENABLE_NS_ASSERTIONS = NO;
				ENABLE_STRICT_OBJC_MSGSEND = YES;
				GCC_C_LANGUAGE_STANDARD = gnu11;
				GCC_NO_COMMON_BLOCKS = YES;
				GCC_WARN_64_TO_32_BIT_CONVERSION = YES;
				GCC_WARN_ABOUT_RETURN_TYPE = YES_ERROR;
				GCC_WARN_UNDECLARED_SELECTOR = YES;
				GCC_WARN_UNINITIALIZED_AUTOS = YES_AGGRESSIVE;
				GCC_WARN_UNUSED_FUNCTION = YES;
				GCC_WARN_UNUSED_VARIABLE = YES;
				IPHONEOS_DEPLOYMENT_TARGET = 16.2;
				MTL_ENABLE_DEBUG_INFO = NO;
				MTL_FAST_MATH = YES;
				SDKROOT = iphoneos;
				SWIFT_COMPILATION_MODE = wholemodule;
				SWIFT_OPTIMIZATION_LEVEL = "-O";
				VALIDATE_PRODUCT = YES;
			};
			name = Release;
		};
		882A08152C98AD9900597A72 /* Debug */ = {
			isa = XCBuildConfiguration;
			buildSettings = {
				ASSETCATALOG_COMPILER_APPICON_NAME = AppIcon;
				ASSETCATALOG_COMPILER_GLOBAL_ACCENT_COLOR_NAME = AccentColor;
				CODE_SIGN_STYLE = Automatic;
				CURRENT_PROJECT_VERSION = 1;
				DEVELOPMENT_ASSET_PATHS = "\"ecommerce/Preview Content\"";
				DEVELOPMENT_TEAM = Q4VF449KQ4;
				ENABLE_PREVIEWS = YES;
				GENERATE_INFOPLIST_FILE = YES;
				INFOPLIST_FILE = ecommerce/Info.plist;
				INFOPLIST_KEY_UIApplicationSceneManifest_Generation = YES;
				INFOPLIST_KEY_UIApplicationSupportsIndirectInputEvents = YES;
				INFOPLIST_KEY_UILaunchScreen_Generation = YES;
				INFOPLIST_KEY_UISupportedInterfaceOrientations_iPad = "UIInterfaceOrientationPortrait UIInterfaceOrientationPortraitUpsideDown UIInterfaceOrientationLandscapeLeft UIInterfaceOrientationLandscapeRight";
				INFOPLIST_KEY_UISupportedInterfaceOrientations_iPhone = "UIInterfaceOrientationPortrait UIInterfaceOrientationLandscapeLeft UIInterfaceOrientationLandscapeRight";
				LD_RUNPATH_SEARCH_PATHS = (
					"$(inherited)",
					"@executable_path/Frameworks",
				);
				MARKETING_VERSION = 1.0;
				PRODUCT_BUNDLE_IDENTIFIER = com.sheltech.ecommerce;
				PRODUCT_NAME = "$(TARGET_NAME)";
				SWIFT_EMIT_LOC_STRINGS = YES;
				SWIFT_VERSION = 5.0;
				TARGETED_DEVICE_FAMILY = "1,2";
			};
			name = Debug;
		};
		882A08162C98AD9900597A72 /* Release */ = {
			isa = XCBuildConfiguration;
			buildSettings = {
				ASSETCATALOG_COMPILER_APPICON_NAME = AppIcon;
				ASSETCATALOG_COMPILER_GLOBAL_ACCENT_COLOR_NAME = AccentColor;
				CODE_SIGN_STYLE = Automatic;
				CURRENT_PROJECT_VERSION = 1;
				DEVELOPMENT_ASSET_PATHS = "\"ecommerce/Preview Content\"";
				DEVELOPMENT_TEAM = Q4VF449KQ4;
				ENABLE_PREVIEWS = YES;
				GENERATE_INFOPLIST_FILE = YES;
				INFOPLIST_FILE = ecommerce/Info.plist;
				INFOPLIST_KEY_UIApplicationSceneManifest_Generation = YES;
				INFOPLIST_KEY_UIApplicationSupportsIndirectInputEvents = YES;
				INFOPLIST_KEY_UILaunchScreen_Generation = YES;
				INFOPLIST_KEY_UISupportedInterfaceOrientations_iPad = "UIInterfaceOrientationPortrait UIInterfaceOrientationPortraitUpsideDown UIInterfaceOrientationLandscapeLeft UIInterfaceOrientationLandscapeRight";
				INFOPLIST_KEY_UISupportedInterfaceOrientations_iPhone = "UIInterfaceOrientationPortrait UIInterfaceOrientationLandscapeLeft UIInterfaceOrientationLandscapeRight";
				LD_RUNPATH_SEARCH_PATHS = (
					"$(inherited)",
					"@executable_path/Frameworks",
				);
				MARKETING_VERSION = 1.0;
				PRODUCT_BUNDLE_IDENTIFIER = com.sheltech.ecommerce;
				PRODUCT_NAME = "$(TARGET_NAME)";
				SWIFT_EMIT_LOC_STRINGS = YES;
				SWIFT_VERSION = 5.0;
				TARGETED_DEVICE_FAMILY = "1,2";
			};
			name = Release;
		};
/* End XCBuildConfiguration section */

/* Begin XCConfigurationList section */
		882A07FC2C98AC9300597A72 /* Build configuration list for PBXProject "ecommerce" */ = {
			isa = XCConfigurationList;
			buildConfigurations = (
				882A08122C98AD9900597A72 /* Debug */,
				882A08132C98AD9900597A72 /* Release */,
			);
			defaultConfigurationIsVisible = 0;
			defaultConfigurationName = Release;
		};
		882A08142C98AD9900597A72 /* Build configuration list for PBXNativeTarget "ecommerce" */ = {
			isa = XCConfigurationList;
			buildConfigurations = (
				882A08152C98AD9900597A72 /* Debug */,
				882A08162C98AD9900597A72 /* Release */,
			);
			defaultConfigurationIsVisible = 0;
			defaultConfigurationName = Release;
		};
/* End XCConfigurationList section */

/* Begin XCVersionGroup section */
		882A080F2C98AD9900597A72 /* ecommerce.xcdatamodeld */ = {
			isa = XCVersionGroup;
			children = (
				882A08102C98AD9900597A72 /* ecommerce.xcdatamodel */,
			);
			currentVersion = 882A08102C98AD9900597A72 /* ecommerce.xcdatamodel */;
			path = ecommerce.xcdatamodeld;
			sourceTree = "<group>";
			versionGroupType = wrapper.xcdatamodel;
		};
/* End XCVersionGroup section */
	};
	rootObject = 882A07F92C98AC9300597A72 /* Project object */;
}
